
Microsoft Visual Studio Solution File, Format Version 11.00
# Visual Studio 2010
Project("{FAE04EC0-301F-11D3-BF4B-00C04F79EFBC}") = "01-IntegerArrayAllocateAndInitialize", "01-IntegerArrayAllocateAndInitialize\01-IntegerArrayAllocateAndInitialize.csproj", "{1F64FD2C-B578-42B1-A855-244F73EE9418}"
EndProject
Project("{FAE04EC0-301F-11D3-BF4B-00C04F79EFBC}") = "02-CompareTwoArrays", "02-CompareTwoArrays\02-CompareTwoArrays.csproj", "{E6930562-81F9-42F6-805A-FEB237E60C41}"
EndProject
Project("{FAE04EC0-301F-11D3-BF4B-00C04F79EFBC}") = "03-CompareCharArraysLexicographically", "03-CompareCharArraysLexicographically\03-CompareCharArraysLexicographically.csproj", "{AED29F72-9672-46F2-8BF7-A08825C5CC85}"
EndProject
Project("{FAE04EC0-301F-11D3-BF4B-00C04F79EFBC}") = "04-MaximalSequenceOfEqualElements", "04-MaximalSequenceOfEqualElements\04-MaximalSequenceOfEqualElements.csproj", "{20E116E5-6045-4D71-837C-77CDE5780571}"
EndProject
Project("{FAE04EC0-301F-11D3-BF4B-00C04F79EFBC}") = "05-MaximalIncreasingSequenceInArray", "05-MaximalIncreasingSequenceInArray\05-MaximalIncreasingSequenceInArray.csproj", "{42D10B5D-7487-4087-8A40-315D833BCA1F}"
EndProject
Project("{FAE04EC0-301F-11D3-BF4B-00C04F79EFBC}") = "07-SortingArrayWithSelectionSort", "07-SortingArrayWithSelectionSort\07-SortingArrayWithSelectionSort.csproj", "{CC3B38FF-3135-4A8B-9281-5A7783AC3BF0}"
EndProject
Project("{FAE04EC0-301F-11D3-BF4B-00C04F79EFBC}") = "06-ElementsWithMaximalSum", "06-ElementsWithMaximalSum\06-ElementsWithMaximalSum.csproj", "{3E4DF6CF-DA2E-460C-84C5-F3F62F22BFFB}"
EndProject
Project("{FAE04EC0-301F-11D3-BF4B-00C04F79EFBC}") = "08-FindSequenceOfMaximalSum", "08-FindSequenceOfMaximalSum\08-FindSequenceOfMaximalSum.csproj", "{E8A90A6D-3483-4D7E-BE60-40F0FCF6A276}"
EndProject
Project("{FAE04EC0-301F-11D3-BF4B-00C04F79EFBC}") = "10-FindSequenceOfGivenSum", "10-FindSequenceOfGivenSum\10-FindSequenceOfGivenSum.csproj", "{E31527DC-BC92-4A5D-9FCF-C2E4A5734E79}"
EndProject
Project("{FAE04EC0-301F-11D3-BF4B-00C04F79EFBC}") = "09-TheMostFrequentNumber", "09-TheMostFrequentNumber\09-TheMostFrequentNumber.csproj", "{F46CEEB1-5376-4960-95F1-7F37C76267B6}"
EndProject
Project("{FAE04EC0-301F-11D3-BF4B-00C04F79EFBC}") = "11-FindIndexWithBinarySearch", "11-FindIndexWithBinarySearch\11-FindIndexWithBinarySearch.csproj", "{609756C0-AF31-4641-8017-312B8C15DD38}"
EndProject
Project("{FAE04EC0-301F-11D3-BF4B-00C04F79EFBC}") = "12-PrintIndexOfLetters", "12-PrintIndexOfLetters\12-PrintIndexOfLetters.csproj", "{88EC4321-7044-4E66-8911-86C2E45ECE4F}"
EndProject
Project("{FAE04EC0-301F-11D3-BF4B-00C04F79EFBC}") = "13-MergeSort", "13-MergeSort\13-MergeSort.csproj", "{DA2FF08E-46EC-4EDD-9933-3ECD3CD9BEAB}"
EndProject
Project("{FAE04EC0-301F-11D3-BF4B-00C04F79EFBC}") = "14-QuickSortForArrayOfStrings", "14-QuickSortForArrayOfStrings\14-QuickSortForArrayOfStrings.csproj", "{497DB8B7-95FC-44BA-A02C-5DA3A17625F9}"
EndProject
Project("{FAE04EC0-301F-11D3-BF4B-00C04F79EFBC}") = "15-SieveofEratosthenes", "15-SieveofEratosthenes\15-SieveofEratosthenes.csproj", "{91E0F1F8-2036-46FA-B35D-91345A692E0B}"
EndProject
Project("{FAE04EC0-301F-11D3-BF4B-00C04F79EFBC}") = "16-SubsetsWithSumS", "16-SubsetsWithSumS\16-SubsetsWithSumS.csproj", "{EED0DF9D-E239-449D-9FA5-60F3C5878C9F}"
EndProject
Project("{FAE04EC0-301F-11D3-BF4B-00C04F79EFBC}") = "17-SubsetOfKElemetdsWithSumS", "17-SubsetOfKElemetdsWithSumS\17-SubsetOfKElemetdsWithSumS.csproj", "{8868E32D-4342-47CC-B658-C04122FFB250}"
EndProject
Global
	GlobalSection(SolutionConfigurationPlatforms) = preSolution
		Debug|x86 = Debug|x86
		Release|x86 = Release|x86
	EndGlobalSection
	GlobalSection(ProjectConfigurationPlatforms) = postSolution
		{1F64FD2C-B578-42B1-A855-244F73EE9418}.Debug|x86.ActiveCfg = Debug|x86
		{1F64FD2C-B578-42B1-A855-244F73EE9418}.Debug|x86.Build.0 = Debug|x86
		{1F64FD2C-B578-42B1-A855-244F73EE9418}.Release|x86.ActiveCfg = Release|x86
		{1F64FD2C-B578-42B1-A855-244F73EE9418}.Release|x86.Build.0 = Release|x86
		{E6930562-81F9-42F6-805A-FEB237E60C41}.Debug|x86.ActiveCfg = Debug|x86
		{E6930562-81F9-42F6-805A-FEB237E60C41}.Debug|x86.Build.0 = Debug|x86
		{E6930562-81F9-42F6-805A-FEB237E60C41}.Release|x86.ActiveCfg = Release|x86
		{E6930562-81F9-42F6-805A-FEB237E60C41}.Release|x86.Build.0 = Release|x86
		{AED29F72-9672-46F2-8BF7-A08825C5CC85}.Debug|x86.ActiveCfg = Debug|x86
		{AED29F72-9672-46F2-8BF7-A08825C5CC85}.Debug|x86.Build.0 = Debug|x86
		{AED29F72-9672-46F2-8BF7-A08825C5CC85}.Release|x86.ActiveCfg = Release|x86
		{AED29F72-9672-46F2-8BF7-A08825C5CC85}.Release|x86.Build.0 = Release|x86
		{20E116E5-6045-4D71-837C-77CDE5780571}.Debug|x86.ActiveCfg = Debug|x86
		{20E116E5-6045-4D71-837C-77CDE5780571}.Debug|x86.Build.0 = Debug|x86
		{20E116E5-6045-4D71-837C-77CDE5780571}.Release|x86.ActiveCfg = Release|x86
		{20E116E5-6045-4D71-837C-77CDE5780571}.Release|x86.Build.0 = Release|x86
		{42D10B5D-7487-4087-8A40-315D833BCA1F}.Debug|x86.ActiveCfg = Debug|x86
		{42D10B5D-7487-4087-8A40-315D833BCA1F}.Debug|x86.Build.0 = Debug|x86
		{42D10B5D-7487-4087-8A40-315D833BCA1F}.Release|x86.ActiveCfg = Release|x86
		{42D10B5D-7487-4087-8A40-315D833BCA1F}.Release|x86.Build.0 = Release|x86
		{CC3B38FF-3135-4A8B-9281-5A7783AC3BF0}.Debug|x86.ActiveCfg = Debug|x86
		{CC3B38FF-3135-4A8B-9281-5A7783AC3BF0}.Debug|x86.Build.0 = Debug|x86
		{CC3B38FF-3135-4A8B-9281-5A7783AC3BF0}.Release|x86.ActiveCfg = Release|x86
		{CC3B38FF-3135-4A8B-9281-5A7783AC3BF0}.Release|x86.Build.0 = Release|x86
		{3E4DF6CF-DA2E-460C-84C5-F3F62F22BFFB}.Debug|x86.ActiveCfg = Debug|x86
		{3E4DF6CF-DA2E-460C-84C5-F3F62F22BFFB}.Debug|x86.Build.0 = Debug|x86
		{3E4DF6CF-DA2E-460C-84C5-F3F62F22BFFB}.Release|x86.ActiveCfg = Release|x86
		{3E4DF6CF-DA2E-460C-84C5-F3F62F22BFFB}.Release|x86.Build.0 = Release|x86
		{E8A90A6D-3483-4D7E-BE60-40F0FCF6A276}.Debug|x86.ActiveCfg = Debug|x86
		{E8A90A6D-3483-4D7E-BE60-40F0FCF6A276}.Debug|x86.Build.0 = Debug|x86
		{E8A90A6D-3483-4D7E-BE60-40F0FCF6A276}.Release|x86.ActiveCfg = Release|x86
		{E8A90A6D-3483-4D7E-BE60-40F0FCF6A276}.Release|x86.Build.0 = Release|x86
		{E31527DC-BC92-4A5D-9FCF-C2E4A5734E79}.Debug|x86.ActiveCfg = Debug|x86
		{E31527DC-BC92-4A5D-9FCF-C2E4A5734E79}.Debug|x86.Build.0 = Debug|x86
		{E31527DC-BC92-4A5D-9FCF-C2E4A5734E79}.Release|x86.ActiveCfg = Release|x86
		{E31527DC-BC92-4A5D-9FCF-C2E4A5734E79}.Release|x86.Build.0 = Release|x86
		{F46CEEB1-5376-4960-95F1-7F37C76267B6}.Debug|x86.ActiveCfg = Debug|x86
		{F46CEEB1-5376-4960-95F1-7F37C76267B6}.Debug|x86.Build.0 = Debug|x86
		{F46CEEB1-5376-4960-95F1-7F37C76267B6}.Release|x86.ActiveCfg = Release|x86
		{F46CEEB1-5376-4960-95F1-7F37C76267B6}.Release|x86.Build.0 = Release|x86
		{609756C0-AF31-4641-8017-312B8C15DD38}.Debug|x86.ActiveCfg = Debug|x86
		{609756C0-AF31-4641-8017-312B8C15DD38}.Debug|x86.Build.0 = Debug|x86
		{609756C0-AF31-4641-8017-312B8C15DD38}.Release|x86.ActiveCfg = Release|x86
		{609756C0-AF31-4641-8017-312B8C15DD38}.Release|x86.Build.0 = Release|x86
		{88EC4321-7044-4E66-8911-86C2E45ECE4F}.Debug|x86.ActiveCfg = Debug|x86
		{88EC4321-7044-4E66-8911-86C2E45ECE4F}.Debug|x86.Build.0 = Debug|x86
		{88EC4321-7044-4E66-8911-86C2E45ECE4F}.Release|x86.ActiveCfg = Release|x86
		{88EC4321-7044-4E66-8911-86C2E45ECE4F}.Release|x86.Build.0 = Release|x86
		{DA2FF08E-46EC-4EDD-9933-3ECD3CD9BEAB}.Debug|x86.ActiveCfg = Debug|x86
		{DA2FF08E-46EC-4EDD-9933-3ECD3CD9BEAB}.Debug|x86.Build.0 = Debug|x86
		{DA2FF08E-46EC-4EDD-9933-3ECD3CD9BEAB}.Release|x86.ActiveCfg = Release|x86
		{DA2FF08E-46EC-4EDD-9933-3ECD3CD9BEAB}.Release|x86.Build.0 = Release|x86
		{497DB8B7-95FC-44BA-A02C-5DA3A17625F9}.Debug|x86.ActiveCfg = Debug|x86
		{497DB8B7-95FC-44BA-A02C-5DA3A17625F9}.Debug|x86.Build.0 = Debug|x86
		{497DB8B7-95FC-44BA-A02C-5DA3A17625F9}.Release|x86.ActiveCfg = Release|x86
		{497DB8B7-95FC-44BA-A02C-5DA3A17625F9}.Release|x86.Build.0 = Release|x86
		{91E0F1F8-2036-46FA-B35D-91345A692E0B}.Debug|x86.ActiveCfg = Debug|x86
		{91E0F1F8-2036-46FA-B35D-91345A692E0B}.Debug|x86.Build.0 = Debug|x86
		{91E0F1F8-2036-46FA-B35D-91345A692E0B}.Release|x86.ActiveCfg = Release|x86
		{91E0F1F8-2036-46FA-B35D-91345A692E0B}.Release|x86.Build.0 = Release|x86
		{EED0DF9D-E239-449D-9FA5-60F3C5878C9F}.Debug|x86.ActiveCfg = Debug|x86
		{EED0DF9D-E239-449D-9FA5-60F3C5878C9F}.Debug|x86.Build.0 = Debug|x86
		{EED0DF9D-E239-449D-9FA5-60F3C5878C9F}.Release|x86.ActiveCfg = Release|x86
		{EED0DF9D-E239-449D-9FA5-60F3C5878C9F}.Release|x86.Build.0 = Release|x86
		{8868E32D-4342-47CC-B658-C04122FFB250}.Debug|x86.ActiveCfg = Debug|x86
		{8868E32D-4342-47CC-B658-C04122FFB250}.Debug|x86.Build.0 = Debug|x86
		{8868E32D-4342-47CC-B658-C04122FFB250}.Release|x86.ActiveCfg = Release|x86
		{8868E32D-4342-47CC-B658-C04122FFB250}.Release|x86.Build.0 = Release|x86
	EndGlobalSection
	GlobalSection(SolutionProperties) = preSolution
		HideSolutionNode = FALSE
	EndGlobalSection
EndGlobal
